
Microsoft Visual Studio Solution File, Format Version 12.00
# Visual Studio 15
VisualStudioVersion = 15.0.28307.902
MinimumVisualStudioVersion = 10.0.40219.1
Project("{FAE04EC0-301F-11D3-BF4B-00C04F79EFBC}") = "ClearClipboard", "Vault\ClearClipboard\ClearClipboard.csproj", "{9B19162F-FF53-45C4-B849-E293DB19D7AA}"
EndProject
Project("{FAE04EC0-301F-11D3-BF4B-00C04F79EFBC}") = "VaultExplorer", "Vault\Explorer\VaultExplorer.csproj", "{0720CA4C-5D06-47FC-8DF9-2A42C40119A3}"
EndProject
Project("{FAE04EC0-301F-11D3-BF4B-00C04F79EFBC}") = "VaultLibrary", "Vault\Library\VaultLibrary.csproj", "{18150C6E-12E1-42D3-B7AE-740E96EBB59A}"
EndProject
Project("{2150E333-8FDC-42A3-9474-1A3956D46DE8}") = "Root", "Root", "{6E6E5E45-EDF7-4082-AC97-FB28DB1D5229}"
	ProjectSection(SolutionItems) = preProject
		Environment.Custom.props = Environment.Custom.props
		Environment.props = Environment.props
		init.cmd = init.cmd
		License.txt = License.txt
	EndProjectSection
EndProject
Project("{2150E333-8FDC-42A3-9474-1A3956D46DE8}") = "Build", "Build", "{023CB6B8-5A17-4482-B303-D65A9A0E7E33}"
	ProjectSection(SolutionItems) = preProject
		Vault\Build\AssemblyInfo.cs.t4 = Vault\Build\AssemblyInfo.cs.t4
		Vault\Build\AutoVersioning.props = Vault\Build\AutoVersioning.props
		Vault\Build\t4.targets = Vault\Build\t4.targets
	EndProjectSection
EndProject
Project("{FAE04EC0-301F-11D3-BF4B-00C04F79EFBC}") = "Core", "Vault\Core\Core.csproj", "{B2F371E2-51E3-49DD-8568-3955242A6088}"
EndProject
Global
	GlobalSection(SolutionConfigurationPlatforms) = preSolution
		Debug|Any CPU = Debug|Any CPU
		Debug|x64 = Debug|x64
		Release|Any CPU = Release|Any CPU
		Release|x64 = Release|x64
	EndGlobalSection
	GlobalSection(ProjectConfigurationPlatforms) = postSolution
		{9B19162F-FF53-45C4-B849-E293DB19D7AA}.Debug|Any CPU.ActiveCfg = Debug|x64
		{9B19162F-FF53-45C4-B849-E293DB19D7AA}.Debug|Any CPU.Build.0 = Debug|x64
		{9B19162F-FF53-45C4-B849-E293DB19D7AA}.Debug|x64.ActiveCfg = Debug|x64
		{9B19162F-FF53-45C4-B849-E293DB19D7AA}.Debug|x64.Build.0 = Debug|x64
		{9B19162F-FF53-45C4-B849-E293DB19D7AA}.Release|Any CPU.ActiveCfg = Release|x64
		{9B19162F-FF53-45C4-B849-E293DB19D7AA}.Release|x64.ActiveCfg = Release|x64
		{9B19162F-FF53-45C4-B849-E293DB19D7AA}.Release|x64.Build.0 = Release|x64
		{0720CA4C-5D06-47FC-8DF9-2A42C40119A3}.Debug|Any CPU.ActiveCfg = Debug|x64
		{0720CA4C-5D06-47FC-8DF9-2A42C40119A3}.Debug|Any CPU.Build.0 = Debug|x64
		{0720CA4C-5D06-47FC-8DF9-2A42C40119A3}.Debug|x64.ActiveCfg = Debug|x64
		{0720CA4C-5D06-47FC-8DF9-2A42C40119A3}.Debug|x64.Build.0 = Debug|x64
		{0720CA4C-5D06-47FC-8DF9-2A42C40119A3}.Release|Any CPU.ActiveCfg = Release|x64
		{0720CA4C-5D06-47FC-8DF9-2A42C40119A3}.Release|x64.ActiveCfg = Release|x64
		{0720CA4C-5D06-47FC-8DF9-2A42C40119A3}.Release|x64.Build.0 = Release|x64
		{18150C6E-12E1-42D3-B7AE-740E96EBB59A}.Debug|Any CPU.ActiveCfg = Debug|x64
		{18150C6E-12E1-42D3-B7AE-740E96EBB59A}.Debug|Any CPU.Build.0 = Debug|x64
		{18150C6E-12E1-42D3-B7AE-740E96EBB59A}.Debug|x64.ActiveCfg = Debug|x64
		{18150C6E-12E1-42D3-B7AE-740E96EBB59A}.Debug|x64.Build.0 = Debug|x64
		{18150C6E-12E1-42D3-B7AE-740E96EBB59A}.Release|Any CPU.ActiveCfg = Release|x64
		{18150C6E-12E1-42D3-B7AE-740E96EBB59A}.Release|x64.ActiveCfg = Release|x64
		{18150C6E-12E1-42D3-B7AE-740E96EBB59A}.Release|x64.Build.0 = Release|x64
		{B2F371E2-51E3-49DD-8568-3955242A6088}.Debug|Any CPU.ActiveCfg = Debug|x64
		{B2F371E2-51E3-49DD-8568-3955242A6088}.Debug|Any CPU.Build.0 = Debug|x64
		{B2F371E2-51E3-49DD-8568-3955242A6088}.Debug|x64.ActiveCfg = Debug|x64
		{B2F371E2-51E3-49DD-8568-3955242A6088}.Debug|x64.Build.0 = Debug|x64
		{B2F371E2-51E3-49DD-8568-3955242A6088}.Release|Any CPU.ActiveCfg = Release|x64
		{B2F371E2-51E3-49DD-8568-3955242A6088}.Release|x64.ActiveCfg = Release|x64
		{B2F371E2-51E3-49DD-8568-3955242A6088}.Release|x64.Build.0 = Release|x64
	EndGlobalSection
	GlobalSection(SolutionProperties) = preSolution
		HideSolutionNode = FALSE
	EndGlobalSection
	GlobalSection(ExtensibilityGlobals) = postSolution
		SolutionGuid = {30E37588-7475-4A89-AE9E-DBCEAF06554C}
	EndGlobalSection
EndGlobal
